
Microsoft Visual Studio Solution File, Format Version 12.00
# Visual Studio 15
VisualStudioVersion = 15.0.26124.0
MinimumVisualStudioVersion = 15.0.26124.0
Project("{F2A71F9B-5D33-465A-A702-920D77279786}") = "Strat.Core", "..\src\Strat.Core\Strat.Core.fsproj", "{6E177590-098D-4686-AFA4-C8979FC5539F}"
EndProject
Project("{F2A71F9B-5D33-465A-A702-920D77279786}") = "Strat.Core.Test", "..\test\Strat.Core.Test\Strat.Core.Test.fsproj", "{AE2C43E0-BF60-4307-9B91-AC2EE0B64E1D}"
EndProject
Global
	GlobalSection(SolutionConfigurationPlatforms) = preSolution
		Debug|Any CPU = Debug|Any CPU
		Debug|x64 = Debug|x64
		Debug|x86 = Debug|x86
		Release|Any CPU = Release|Any CPU
		Release|x64 = Release|x64
		Release|x86 = Release|x86
	EndGlobalSection
	GlobalSection(SolutionProperties) = preSolution
		HideSolutionNode = FALSE
	EndGlobalSection
	GlobalSection(ProjectConfigurationPlatforms) = postSolution
		{6E177590-098D-4686-AFA4-C8979FC5539F}.Debug|Any CPU.ActiveCfg = Debug|Any CPU
		{6E177590-098D-4686-AFA4-C8979FC5539F}.Debug|Any CPU.Build.0 = Debug|Any CPU
		{6E177590-098D-4686-AFA4-C8979FC5539F}.Debug|x64.ActiveCfg = Debug|x64
		{6E177590-098D-4686-AFA4-C8979FC5539F}.Debug|x64.Build.0 = Debug|x64
		{6E177590-098D-4686-AFA4-C8979FC5539F}.Debug|x86.ActiveCfg = Debug|x86
		{6E177590-098D-4686-AFA4-C8979FC5539F}.Debug|x86.Build.0 = Debug|x86
		{6E177590-098D-4686-AFA4-C8979FC5539F}.Release|Any CPU.ActiveCfg = Release|Any CPU
		{6E177590-098D-4686-AFA4-C8979FC5539F}.Release|Any CPU.Build.0 = Release|Any CPU
		{6E177590-098D-4686-AFA4-C8979FC5539F}.Release|x64.ActiveCfg = Release|x64
		{6E177590-098D-4686-AFA4-C8979FC5539F}.Release|x64.Build.0 = Release|x64
		{6E177590-098D-4686-AFA4-C8979FC5539F}.Release|x86.ActiveCfg = Release|x86
		{6E177590-098D-4686-AFA4-C8979FC5539F}.Release|x86.Build.0 = Release|x86
		{AE2C43E0-BF60-4307-9B91-AC2EE0B64E1D}.Debug|Any CPU.ActiveCfg = Debug|Any CPU
		{AE2C43E0-BF60-4307-9B91-AC2EE0B64E1D}.Debug|Any CPU.Build.0 = Debug|Any CPU
		{AE2C43E0-BF60-4307-9B91-AC2EE0B64E1D}.Debug|x64.ActiveCfg = Debug|x64
		{AE2C43E0-BF60-4307-9B91-AC2EE0B64E1D}.Debug|x64.Build.0 = Debug|x64
		{AE2C43E0-BF60-4307-9B91-AC2EE0B64E1D}.Debug|x86.ActiveCfg = Debug|x86
		{AE2C43E0-BF60-4307-9B91-AC2EE0B64E1D}.Debug|x86.Build.0 = Debug|x86
		{AE2C43E0-BF60-4307-9B91-AC2EE0B64E1D}.Release|Any CPU.ActiveCfg = Release|Any CPU
		{AE2C43E0-BF60-4307-9B91-AC2EE0B64E1D}.Release|Any CPU.Build.0 = Release|Any CPU
		{AE2C43E0-BF60-4307-9B91-AC2EE0B64E1D}.Release|x64.ActiveCfg = Release|x64
		{AE2C43E0-BF60-4307-9B91-AC2EE0B64E1D}.Release|x64.Build.0 = Release|x64
		{AE2C43E0-BF60-4307-9B91-AC2EE0B64E1D}.Release|x86.ActiveCfg = Release|x86
		{AE2C43E0-BF60-4307-9B91-AC2EE0B64E1D}.Release|x86.Build.0 = Release|x86
	EndGlobalSection
EndGlobal
